
Microsoft Visual Studio Solution File, Format Version 12.00
# Visual Studio Version 17
Project("{FAE04EC0-301F-11D3-BF4B-00C04F79EFBC}") = "Parsec.Core", "src\Parsec.Core\Parsec.Core.csproj", "{A1A1A1A1-0000-0000-0000-000000000001}"
EndProject
Project("{FAE04EC0-301F-11D3-BF4B-00C04F79EFBC}") = "Parsec.Rendering", "src\Parsec.Rendering\Parsec.Rendering.csproj", "{A1A1A1A1-0000-0000-0000-000000000002}"
EndProject
Project("{FAE04EC0-301F-11D3-BF4B-00C04F79EFBC}") = "Parsec.Rendering.Gpu", "src\Parsec.Rendering.Gpu\Parsec.Rendering.Gpu.csproj", "{A1A1A1A1-0000-0000-0000-000000000004}"
EndProject
Project("{FAE04EC0-301F-11D3-BF4B-00C04F79EFBC}") = "Parsec.Cli", "src\Parsec.Cli\Parsec.Cli.csproj", "{A1A1A1A1-0000-0000-0000-000000000003}"
EndProject
Project("{2150E333-8FDC-42A3-9474-1A3956D46DE8}") = "src", "src", "{827E0CD3-B72D-47B6-A68D-7590B98EB39B}"
EndProject
Project("{FAE04EC0-301F-11D3-BF4B-00C04F79EFBC}") = "Parsec.App", "src\Parsec.App\Parsec.App.csproj", "{94E4CE52-825F-4AA2-AFDC-B693D90F47E5}"
EndProject
Global
	GlobalSection(SolutionConfigurationPlatforms) = preSolution
		Debug|Any CPU = Debug|Any CPU
		Debug|x64 = Debug|x64
		Debug|x86 = Debug|x86
		Release|Any CPU = Release|Any CPU
		Release|x64 = Release|x64
		Release|x86 = Release|x86
	EndGlobalSection
	GlobalSection(ProjectConfigurationPlatforms) = postSolution
		{A1A1A1A1-0000-0000-0000-000000000001}.Debug|Any CPU.ActiveCfg = Debug|Any CPU
		{A1A1A1A1-0000-0000-0000-000000000001}.Debug|Any CPU.Build.0 = Debug|Any CPU
		{A1A1A1A1-0000-0000-0000-000000000001}.Debug|x64.ActiveCfg = Debug|Any CPU
		{A1A1A1A1-0000-0000-0000-000000000001}.Debug|x64.Build.0 = Debug|Any CPU
		{A1A1A1A1-0000-0000-0000-000000000001}.Debug|x86.ActiveCfg = Debug|Any CPU
		{A1A1A1A1-0000-0000-0000-000000000001}.Debug|x86.Build.0 = Debug|Any CPU
		{A1A1A1A1-0000-0000-0000-000000000001}.Release|Any CPU.ActiveCfg = Release|Any CPU
		{A1A1A1A1-0000-0000-0000-000000000001}.Release|Any CPU.Build.0 = Release|Any CPU
		{A1A1A1A1-0000-0000-0000-000000000001}.Release|x64.ActiveCfg = Release|Any CPU
		{A1A1A1A1-0000-0000-0000-000000000001}.Release|x64.Build.0 = Release|Any CPU
		{A1A1A1A1-0000-0000-0000-000000000001}.Release|x86.ActiveCfg = Release|Any CPU
		{A1A1A1A1-0000-0000-0000-000000000001}.Release|x86.Build.0 = Release|Any CPU
		{A1A1A1A1-0000-0000-0000-000000000002}.Debug|Any CPU.ActiveCfg = Debug|Any CPU
		{A1A1A1A1-0000-0000-0000-000000000002}.Debug|Any CPU.Build.0 = Debug|Any CPU
		{A1A1A1A1-0000-0000-0000-000000000002}.Debug|x64.ActiveCfg = Debug|Any CPU
		{A1A1A1A1-0000-0000-0000-000000000002}.Debug|x64.Build.0 = Debug|Any CPU
		{A1A1A1A1-0000-0000-0000-000000000002}.Debug|x86.ActiveCfg = Debug|Any CPU
		{A1A1A1A1-0000-0000-0000-000000000002}.Debug|x86.Build.0 = Debug|Any CPU
		{A1A1A1A1-0000-0000-0000-000000000002}.Release|Any CPU.ActiveCfg = Release|Any CPU
		{A1A1A1A1-0000-0000-0000-000000000002}.Release|Any CPU.Build.0 = Release|Any CPU
		{A1A1A1A1-0000-0000-0000-000000000002}.Release|x64.ActiveCfg = Release|Any CPU
		{A1A1A1A1-0000-0000-0000-000000000002}.Release|x64.Build.0 = Release|Any CPU
		{A1A1A1A1-0000-0000-0000-000000000002}.Release|x86.ActiveCfg = Release|Any CPU
		{A1A1A1A1-0000-0000-0000-000000000002}.Release|x86.Build.0 = Release|Any CPU
		{A1A1A1A1-0000-0000-0000-000000000004}.Debug|Any CPU.ActiveCfg = Debug|Any CPU
		{A1A1A1A1-0000-0000-0000-000000000004}.Debug|Any CPU.Build.0 = Debug|Any CPU
		{A1A1A1A1-0000-0000-0000-000000000004}.Debug|x64.ActiveCfg = Debug|Any CPU
		{A1A1A1A1-0000-0000-0000-000000000004}.Debug|x64.Build.0 = Debug|Any CPU
		{A1A1A1A1-0000-0000-0000-000000000004}.Debug|x86.ActiveCfg = Debug|Any CPU
		{A1A1A1A1-0000-0000-0000-000000000004}.Debug|x86.Build.0 = Debug|Any CPU
		{A1A1A1A1-0000-0000-0000-000000000004}.Release|Any CPU.ActiveCfg = Release|Any CPU
		{A1A1A1A1-0000-0000-0000-000000000004}.Release|Any CPU.Build.0 = Release|Any CPU
		{A1A1A1A1-0000-0000-0000-000000000004}.Release|x64.ActiveCfg = Release|Any CPU
		{A1A1A1A1-0000-0000-0000-000000000004}.Release|x64.Build.0 = Release|Any CPU
		{A1A1A1A1-0000-0000-0000-000000000004}.Release|x86.ActiveCfg = Release|Any CPU
		{A1A1A1A1-0000-0000-0000-000000000004}.Release|x86.Build.0 = Release|Any CPU
		{A1A1A1A1-0000-0000-0000-000000000003}.Debug|Any CPU.ActiveCfg = Debug|Any CPU
		{A1A1A1A1-0000-0000-0000-000000000003}.Debug|Any CPU.Build.0 = Debug|Any CPU
		{A1A1A1A1-0000-0000-0000-000000000003}.Debug|x64.ActiveCfg = Debug|Any CPU
		{A1A1A1A1-0000-0000-0000-000000000003}.Debug|x64.Build.0 = Debug|Any CPU
		{A1A1A1A1-0000-0000-0000-000000000003}.Debug|x86.ActiveCfg = Debug|Any CPU
		{A1A1A1A1-0000-0000-0000-000000000003}.Debug|x86.Build.0 = Debug|Any CPU
		{A1A1A1A1-0000-0000-0000-000000000003}.Release|Any CPU.ActiveCfg = Release|Any CPU
		{A1A1A1A1-0000-0000-0000-000000000003}.Release|Any CPU.Build.0 = Release|Any CPU
		{A1A1A1A1-0000-0000-0000-000000000003}.Release|x64.ActiveCfg = Release|Any CPU
		{A1A1A1A1-0000-0000-0000-000000000003}.Release|x64.Build.0 = Release|Any CPU
		{A1A1A1A1-0000-0000-0000-000000000003}.Release|x86.ActiveCfg = Release|Any CPU
		{A1A1A1A1-0000-0000-0000-000000000003}.Release|x86.Build.0 = Release|Any CPU
		{94E4CE52-825F-4AA2-AFDC-B693D90F47E5}.Debug|Any CPU.ActiveCfg = Debug|Any CPU
		{94E4CE52-825F-4AA2-AFDC-B693D90F47E5}.Debug|Any CPU.Build.0 = Debug|Any CPU
		{94E4CE52-825F-4AA2-AFDC-B693D90F47E5}.Debug|x64.ActiveCfg = Debug|Any CPU
		{94E4CE52-825F-4AA2-AFDC-B693D90F47E5}.Debug|x64.Build.0 = Debug|Any CPU
		{94E4CE52-825F-4AA2-AFDC-B693D90F47E5}.Debug|x86.ActiveCfg = Debug|Any CPU
		{94E4CE52-825F-4AA2-AFDC-B693D90F47E5}.Debug|x86.Build.0 = Debug|Any CPU
		{94E4CE52-825F-4AA2-AFDC-B693D90F47E5}.Release|Any CPU.ActiveCfg = Release|Any CPU
		{94E4CE52-825F-4AA2-AFDC-B693D90F47E5}.Release|Any CPU.Build.0 = Release|Any CPU
		{94E4CE52-825F-4AA2-AFDC-B693D90F47E5}.Release|x64.ActiveCfg = Release|Any CPU
		{94E4CE52-825F-4AA2-AFDC-B693D90F47E5}.Release|x64.Build.0 = Release|Any CPU
		{94E4CE52-825F-4AA2-AFDC-B693D90F47E5}.Release|x86.ActiveCfg = Release|Any CPU
		{94E4CE52-825F-4AA2-AFDC-B693D90F47E5}.Release|x86.Build.0 = Release|Any CPU
	EndGlobalSection
	GlobalSection(SolutionProperties) = preSolution
		HideSolutionNode = FALSE
	EndGlobalSection
	GlobalSection(NestedProjects) = preSolution
		{94E4CE52-825F-4AA2-AFDC-B693D90F47E5} = {827E0CD3-B72D-47B6-A68D-7590B98EB39B}
	EndGlobalSection
EndGlobal
